
Microsoft Visual Studio Solution File, Format Version 12.00
# Visual Studio Version 17
VisualStudioVersion = 17.11.35327.3
MinimumVisualStudioVersion = 10.0.40219.1
Project("{FAE04EC0-301F-11D3-BF4B-00C04F79EFBC}") = "ali, ali ali  , ali ali ali", "ali, ali ali  , ali ali ali\ali, ali ali  , ali ali ali.csproj", "{958DEBC6-A188-4176-A9AE-C51CA908ACA4}"
EndProject
Global
	GlobalSection(SolutionConfigurationPlatforms) = preSolution
		Debug|Any CPU = Debug|Any CPU
		Release|Any CPU = Release|Any CPU
	EndGlobalSection
	GlobalSection(ProjectConfigurationPlatforms) = postSolution
		{958DEBC6-A188-4176-A9AE-C51CA908ACA4}.Debug|Any CPU.ActiveCfg = Debug|Any CPU
		{958DEBC6-A188-4176-A9AE-C51CA908ACA4}.Debug|Any CPU.Build.0 = Debug|Any CPU
		{958DEBC6-A188-4176-A9AE-C51CA908ACA4}.Release|Any CPU.ActiveCfg = Release|Any CPU
		{958DEBC6-A188-4176-A9AE-C51CA908ACA4}.Release|Any CPU.Build.0 = Release|Any CPU
	EndGlobalSection
	GlobalSection(SolutionProperties) = preSolution
		HideSolutionNode = FALSE
	EndGlobalSection
	GlobalSection(ExtensibilityGlobals) = postSolution
		SolutionGuid = {76CD1AB4-5DBA-42EA-A388-9CEED5FACCC1}
	EndGlobalSection
EndGlobal
